
Microsoft Visual Studio Solution File, Format Version 12.00
# Visual Studio 15
VisualStudioVersion = 15.0.28307.329
MinimumVisualStudioVersion = 10.0.40219.1
Project("{FAE04EC0-301F-11D3-BF4B-00C04F79EFBC}") = "Git test", "Git test\Git test.csproj", "{99764087-F23D-4859-84B2-815F3AAA70BB}"
EndProject
Global
	GlobalSection(SolutionConfigurationPlatforms) = preSolution
		Debug|Any CPU = Debug|Any CPU
		Release|Any CPU = Release|Any CPU
	EndGlobalSection
	GlobalSection(ProjectConfigurationPlatforms) = postSolution
		{99764087-F23D-4859-84B2-815F3AAA70BB}.Debug|Any CPU.ActiveCfg = Debug|Any CPU
		{99764087-F23D-4859-84B2-815F3AAA70BB}.Debug|Any CPU.Build.0 = Debug|Any CPU
		{99764087-F23D-4859-84B2-815F3AAA70BB}.Release|Any CPU.ActiveCfg = Release|Any CPU
		{99764087-F23D-4859-84B2-815F3AAA70BB}.Release|Any CPU.Build.0 = Release|Any CPU
	EndGlobalSection
	GlobalSection(SolutionProperties) = preSolution
		HideSolutionNode = FALSE
	EndGlobalSection
	GlobalSection(ExtensibilityGlobals) = postSolution
		SolutionGuid = {32894F69-2C98-4179-A14C-713D660F1839}
	EndGlobalSection
EndGlobal
